
Microsoft Visual Studio Solution File, Format Version 12.00
# Visual Studio 2012
Project("{FAE04EC0-301F-11D3-BF4B-00C04F79EFBC}") = "SnekBox", "SnekBox\SnekBox.csproj", "{3DE891A4-350D-4DDF-A57F-9F5CA151DEA6}"
EndProject
Global
	GlobalSection(SolutionConfigurationPlatforms) = preSolution
		Debug|Any CPU = Debug|Any CPU
		Release|Any CPU = Release|Any CPU
	EndGlobalSection
	GlobalSection(ProjectConfigurationPlatforms) = postSolution
		{3DE891A4-350D-4DDF-A57F-9F5CA151DEA6}.Debug|Any CPU.ActiveCfg = Debug|Any CPU
		{3DE891A4-350D-4DDF-A57F-9F5CA151DEA6}.Debug|Any CPU.Build.0 = Debug|Any CPU
		{3DE891A4-350D-4DDF-A57F-9F5CA151DEA6}.Release|Any CPU.ActiveCfg = Release|Any CPU
		{3DE891A4-350D-4DDF-A57F-9F5CA151DEA6}.Release|Any CPU.Build.0 = Release|Any CPU
	EndGlobalSection
	GlobalSection(SolutionProperties) = preSolution
		HideSolutionNode = FALSE
	EndGlobalSection
EndGlobal
